// !$*UTF8*$!
{
	archiveVersion = 1;
	classes = {
	};
	objectVersion = 56;
	objects = {

/* Begin PBXBuildFile section */
		6D2C9D642ACC06DF00FD1E7E /* AnyDecodable.swift in Sources */ = {isa = PBXBuildFile; fileRef = 6D2C9D632ACC06DF00FD1E7E /* AnyDecodable.swift */; };
		6D2C9D662ACC0FE300FD1E7E /* DataTransferDispatchQueue.swift in Sources */ = {isa = PBXBuildFile; fileRef = 6D2C9D652ACC0FE300FD1E7E /* DataTransferDispatchQueue.swift */; };
		6D2C9D682ACD63F400FD1E7E /* APIDateFormatter.swift in Sources */ = {isa = PBXBuildFile; fileRef = 6D2C9D672ACD63F400FD1E7E /* APIDateFormatter.swift */; };
		6D2C9D6B2ACD667D00FD1E7E /* APICacheProtocol.swift in Sources */ = {isa = PBXBuildFile; fileRef = 6D2C9D6A2ACD667D00FD1E7E /* APICacheProtocol.swift */; };
		6D2C9D6D2ACD66CA00FD1E7E /* APIStorage.swift in Sources */ = {isa = PBXBuildFile; fileRef = 6D2C9D6C2ACD66CA00FD1E7E /* APIStorage.swift */; };
		6D2C9D6F2ACD66F200FD1E7E /* APIStorageExpiration.swift in Sources */ = {isa = PBXBuildFile; fileRef = 6D2C9D6E2ACD66F200FD1E7E /* APIStorageExpiration.swift */; };
		6D2C9D712ACD677D00FD1E7E /* DateExtensions.swift in Sources */ = {isa = PBXBuildFile; fileRef = 6D2C9D702ACD677D00FD1E7E /* DateExtensions.swift */; };
		6D2C9D732ACD694700FD1E7E /* APICacheCenter.swift in Sources */ = {isa = PBXBuildFile; fileRef = 6D2C9D722ACD694700FD1E7E /* APICacheCenter.swift */; };
		90986CF32A0686BA00EC6423 /* iOSAPIService.docc in Sources */ = {isa = PBXBuildFile; fileRef = 90986CF22A0686BA00EC6423 /* iOSAPIService.docc */; };
		90986CF42A0686BA00EC6423 /* iOSAPIService.h in Headers */ = {isa = PBXBuildFile; fileRef = 90986CF12A0686BA00EC6423 /* iOSAPIService.h */; settings = {ATTRIBUTES = (Public, ); }; };
		90F6D1522A069B4500876700 /* HTTPMethod.swift in Sources */ = {isa = PBXBuildFile; fileRef = 90F6D1512A069B4500876700 /* HTTPMethod.swift */; };
		90F6D1562A08F48400876700 /* ErrorExtensions.swift in Sources */ = {isa = PBXBuildFile; fileRef = 90F6D1552A08F48400876700 /* ErrorExtensions.swift */; };
		90F6D1582A08FE5300876700 /* ResponseError.swift in Sources */ = {isa = PBXBuildFile; fileRef = 90F6D1572A08FE5300876700 /* ResponseError.swift */; };
		90F6D15A2A09038600876700 /* Requestable.swift in Sources */ = {isa = PBXBuildFile; fileRef = 90F6D1592A09038600876700 /* Requestable.swift */; };
		90F6D15C2A095F7800876700 /* ApiConfigurable.swift in Sources */ = {isa = PBXBuildFile; fileRef = 90F6D15B2A095F7800876700 /* ApiConfigurable.swift */; };
		90F6D15E2A095FAF00876700 /* RequestableExtensions.swift in Sources */ = {isa = PBXBuildFile; fileRef = 90F6D15D2A095FAF00876700 /* RequestableExtensions.swift */; };
		90F6D1602A0E40DF00876700 /* Constants.swift in Sources */ = {isa = PBXBuildFile; fileRef = 90F6D15F2A0E40DF00876700 /* Constants.swift */; };
		90F6D1622A0FAF6F00876700 /* SessionErrorLogger.swift in Sources */ = {isa = PBXBuildFile; fileRef = 90F6D1612A0FAF6F00876700 /* SessionErrorLogger.swift */; };
		90F6D1642A0FB09000876700 /* ApiSessionManager.swift in Sources */ = {isa = PBXBuildFile; fileRef = 90F6D1632A0FB09000876700 /* ApiSessionManager.swift */; };
		90F6D1662A0FB0B700876700 /* SessionCancellable.swift in Sources */ = {isa = PBXBuildFile; fileRef = 90F6D1652A0FB0B700876700 /* SessionCancellable.swift */; };
		90F6D1682A0FB21F00876700 /* NetworkError.swift in Sources */ = {isa = PBXBuildFile; fileRef = 90F6D1672A0FB21F00876700 /* NetworkError.swift */; };
		90F6D16A2A0FCE6400876700 /* ApiSessionService.swift in Sources */ = {isa = PBXBuildFile; fileRef = 90F6D1692A0FCE6400876700 /* ApiSessionService.swift */; };
		90F6D16C2A0FDA7C00876700 /* ApiService.swift in Sources */ = {isa = PBXBuildFile; fileRef = 90F6D16B2A0FDA7C00876700 /* ApiService.swift */; };
		90F6D1722A0FDB8F00876700 /* DataTransferError.swift in Sources */ = {isa = PBXBuildFile; fileRef = 90F6D1712A0FDB8F00876700 /* DataTransferError.swift */; };
		90F6D1742A0FF13800876700 /* ApiServiceProtocol.swift in Sources */ = {isa = PBXBuildFile; fileRef = 90F6D1732A0FF13800876700 /* ApiServiceProtocol.swift */; };
		90F6D1762A10070E00876700 /* ResponseDecoder.swift in Sources */ = {isa = PBXBuildFile; fileRef = 90F6D1752A10070E00876700 /* ResponseDecoder.swift */; };
		90F6D1782A10F4A000876700 /* DataErrorLogger.swift in Sources */ = {isa = PBXBuildFile; fileRef = 90F6D1772A10F4A000876700 /* DataErrorLogger.swift */; };
		90F6D17A2A10F4C600876700 /* DataErrorResolver.swift in Sources */ = {isa = PBXBuildFile; fileRef = 90F6D1792A10F4C600876700 /* DataErrorResolver.swift */; };
		90F6D17C2A11021F00876700 /* BodyEncoding.swift in Sources */ = {isa = PBXBuildFile; fileRef = 90F6D17B2A11021F00876700 /* BodyEncoding.swift */; };
		90F6D17E2A1102D000876700 /* DictionaryExtensions.swift in Sources */ = {isa = PBXBuildFile; fileRef = 90F6D17D2A1102D000876700 /* DictionaryExtensions.swift */; };
		90F6D1812A11159500876700 /* ApiSessionConfigurationType.swift in Sources */ = {isa = PBXBuildFile; fileRef = 90F6D1802A11159500876700 /* ApiSessionConfigurationType.swift */; };
/* End PBXBuildFile section */

/* Begin PBXFileReference section */
		6D2C9D632ACC06DF00FD1E7E /* AnyDecodable.swift */ = {isa = PBXFileReference; lastKnownFileType = sourcecode.swift; path = AnyDecodable.swift; sourceTree = "<group>"; };
		6D2C9D652ACC0FE300FD1E7E /* DataTransferDispatchQueue.swift */ = {isa = PBXFileReference; lastKnownFileType = sourcecode.swift; path = DataTransferDispatchQueue.swift; sourceTree = "<group>"; };
		6D2C9D672ACD63F400FD1E7E /* APIDateFormatter.swift */ = {isa = PBXFileReference; lastKnownFileType = sourcecode.swift; path = APIDateFormatter.swift; sourceTree = "<group>"; };
		6D2C9D6A2ACD667D00FD1E7E /* APICacheProtocol.swift */ = {isa = PBXFileReference; lastKnownFileType = sourcecode.swift; path = APICacheProtocol.swift; sourceTree = "<group>"; };
		6D2C9D6C2ACD66CA00FD1E7E /* APIStorage.swift */ = {isa = PBXFileReference; lastKnownFileType = sourcecode.swift; path = APIStorage.swift; sourceTree = "<group>"; };
		6D2C9D6E2ACD66F200FD1E7E /* APIStorageExpiration.swift */ = {isa = PBXFileReference; lastKnownFileType = sourcecode.swift; path = APIStorageExpiration.swift; sourceTree = "<group>"; };
		6D2C9D702ACD677D00FD1E7E /* DateExtensions.swift */ = {isa = PBXFileReference; lastKnownFileType = sourcecode.swift; path = DateExtensions.swift; sourceTree = "<group>"; };
		6D2C9D722ACD694700FD1E7E /* APICacheCenter.swift */ = {isa = PBXFileReference; lastKnownFileType = sourcecode.swift; path = APICacheCenter.swift; sourceTree = "<group>"; };
		90986CEE2A0686BA00EC6423 /* iOSAPIService.framework */ = {isa = PBXFileReference; explicitFileType = wrapper.framework; includeInIndex = 0; path = iOSAPIService.framework; sourceTree = BUILT_PRODUCTS_DIR; };
		90986CF12A0686BA00EC6423 /* iOSAPIService.h */ = {isa = PBXFileReference; lastKnownFileType = sourcecode.c.h; path = iOSAPIService.h; sourceTree = "<group>"; };
		90986CF22A0686BA00EC6423 /* iOSAPIService.docc */ = {isa = PBXFileReference; lastKnownFileType = folder.documentationcatalog; path = iOSAPIService.docc; sourceTree = "<group>"; };
		90F6D1512A069B4500876700 /* HTTPMethod.swift */ = {isa = PBXFileReference; lastKnownFileType = sourcecode.swift; path = HTTPMethod.swift; sourceTree = "<group>"; };
		90F6D1552A08F48400876700 /* ErrorExtensions.swift */ = {isa = PBXFileReference; lastKnownFileType = sourcecode.swift; path = ErrorExtensions.swift; sourceTree = "<group>"; };
		90F6D1572A08FE5300876700 /* ResponseError.swift */ = {isa = PBXFileReference; lastKnownFileType = sourcecode.swift; path = ResponseError.swift; sourceTree = "<group>"; };
		90F6D1592A09038600876700 /* Requestable.swift */ = {isa = PBXFileReference; lastKnownFileType = sourcecode.swift; path = Requestable.swift; sourceTree = "<group>"; };
		90F6D15B2A095F7800876700 /* ApiConfigurable.swift */ = {isa = PBXFileReference; lastKnownFileType = sourcecode.swift; path = ApiConfigurable.swift; sourceTree = "<group>"; };
		90F6D15D2A095FAF00876700 /* RequestableExtensions.swift */ = {isa = PBXFileReference; lastKnownFileType = sourcecode.swift; path = RequestableExtensions.swift; sourceTree = "<group>"; };
		90F6D15F2A0E40DF00876700 /* Constants.swift */ = {isa = PBXFileReference; lastKnownFileType = sourcecode.swift; path = Constants.swift; sourceTree = "<group>"; };
		90F6D1612A0FAF6F00876700 /* SessionErrorLogger.swift */ = {isa = PBXFileReference; lastKnownFileType = sourcecode.swift; path = SessionErrorLogger.swift; sourceTree = "<group>"; };
		90F6D1632A0FB09000876700 /* ApiSessionManager.swift */ = {isa = PBXFileReference; lastKnownFileType = sourcecode.swift; path = ApiSessionManager.swift; sourceTree = "<group>"; };
		90F6D1652A0FB0B700876700 /* SessionCancellable.swift */ = {isa = PBXFileReference; lastKnownFileType = sourcecode.swift; path = SessionCancellable.swift; sourceTree = "<group>"; };
		90F6D1672A0FB21F00876700 /* NetworkError.swift */ = {isa = PBXFileReference; lastKnownFileType = sourcecode.swift; path = NetworkError.swift; sourceTree = "<group>"; };
		90F6D1692A0FCE6400876700 /* ApiSessionService.swift */ = {isa = PBXFileReference; lastKnownFileType = sourcecode.swift; path = ApiSessionService.swift; sourceTree = "<group>"; };
		90F6D16B2A0FDA7C00876700 /* ApiService.swift */ = {isa = PBXFileReference; lastKnownFileType = sourcecode.swift; path = ApiService.swift; sourceTree = "<group>"; };
		90F6D1712A0FDB8F00876700 /* DataTransferError.swift */ = {isa = PBXFileReference; lastKnownFileType = sourcecode.swift; path = DataTransferError.swift; sourceTree = "<group>"; };
		90F6D1732A0FF13800876700 /* ApiServiceProtocol.swift */ = {isa = PBXFileReference; lastKnownFileType = sourcecode.swift; path = ApiServiceProtocol.swift; sourceTree = "<group>"; };
		90F6D1752A10070E00876700 /* ResponseDecoder.swift */ = {isa = PBXFileReference; lastKnownFileType = sourcecode.swift; path = ResponseDecoder.swift; sourceTree = "<group>"; };
		90F6D1772A10F4A000876700 /* DataErrorLogger.swift */ = {isa = PBXFileReference; lastKnownFileType = sourcecode.swift; path = DataErrorLogger.swift; sourceTree = "<group>"; };
		90F6D1792A10F4C600876700 /* DataErrorResolver.swift */ = {isa = PBXFileReference; lastKnownFileType = sourcecode.swift; path = DataErrorResolver.swift; sourceTree = "<group>"; };
		90F6D17B2A11021F00876700 /* BodyEncoding.swift */ = {isa = PBXFileReference; lastKnownFileType = sourcecode.swift; path = BodyEncoding.swift; sourceTree = "<group>"; };
		90F6D17D2A1102D000876700 /* DictionaryExtensions.swift */ = {isa = PBXFileReference; lastKnownFileType = sourcecode.swift; path = DictionaryExtensions.swift; sourceTree = "<group>"; };
		90F6D1802A11159500876700 /* ApiSessionConfigurationType.swift */ = {isa = PBXFileReference; lastKnownFileType = sourcecode.swift; path = ApiSessionConfigurationType.swift; sourceTree = "<group>"; };
/* End PBXFileReference section */

/* Begin PBXFrameworksBuildPhase section */
		90986CEB2A0686BA00EC6423 /* Frameworks */ = {
			isa = PBXFrameworksBuildPhase;
			buildActionMask = 2147483647;
			files = (
			);
			runOnlyForDeploymentPostprocessing = 0;
		};
/* End PBXFrameworksBuildPhase section */

/* Begin PBXGroup section */
		6D2C9D692ACD664000FD1E7E /* Cache */ = {
			isa = PBXGroup;
			children = (
				6D2C9D6A2ACD667D00FD1E7E /* APICacheProtocol.swift */,
				6D2C9D6C2ACD66CA00FD1E7E /* APIStorage.swift */,
				6D2C9D6E2ACD66F200FD1E7E /* APIStorageExpiration.swift */,
				6D2C9D722ACD694700FD1E7E /* APICacheCenter.swift */,
			);
			path = Cache;
			sourceTree = "<group>";
		};
		90986CE42A0686BA00EC6423 = {
			isa = PBXGroup;
			children = (
				90986CF02A0686BA00EC6423 /* iOSAPIService */,
				90986CEF2A0686BA00EC6423 /* Products */,
			);
			sourceTree = "<group>";
		};
		90986CEF2A0686BA00EC6423 /* Products */ = {
			isa = PBXGroup;
			children = (
				90986CEE2A0686BA00EC6423 /* iOSAPIService.framework */,
			);
			name = Products;
			sourceTree = "<group>";
		};
		90986CF02A0686BA00EC6423 /* iOSAPIService */ = {
			isa = PBXGroup;
			children = (
				90F6D17F2A1104DF00876700 /* Utils */,
				90F6D16D2A0FDAA400876700 /* Protocols */,
				90F6D1542A08F47200876700 /* Extensions */,
				90F6D1532A08F46000876700 /* Errors */,
				90986CF12A0686BA00EC6423 /* iOSAPIService.h */,
				90F6D15F2A0E40DF00876700 /* Constants.swift */,
				90F6D1512A069B4500876700 /* HTTPMethod.swift */,
				90F6D1802A11159500876700 /* ApiSessionConfigurationType.swift */,
				90F6D15B2A095F7800876700 /* ApiConfigurable.swift */,
				90F6D1632A0FB09000876700 /* ApiSessionManager.swift */,
				90F6D1692A0FCE6400876700 /* ApiSessionService.swift */,
				90F6D16B2A0FDA7C00876700 /* ApiService.swift */,
				90986CF22A0686BA00EC6423 /* iOSAPIService.docc */,
			);
			path = iOSAPIService;
			sourceTree = "<group>";
		};
		90F6D1532A08F46000876700 /* Errors */ = {
			isa = PBXGroup;
			children = (
				90F6D1572A08FE5300876700 /* ResponseError.swift */,
				90F6D1672A0FB21F00876700 /* NetworkError.swift */,
				90F6D1712A0FDB8F00876700 /* DataTransferError.swift */,
				90F6D1612A0FAF6F00876700 /* SessionErrorLogger.swift */,
				90F6D1772A10F4A000876700 /* DataErrorLogger.swift */,
				90F6D1792A10F4C600876700 /* DataErrorResolver.swift */,
			);
			path = Errors;
			sourceTree = "<group>";
		};
		90F6D1542A08F47200876700 /* Extensions */ = {
			isa = PBXGroup;
			children = (
				6D2C9D702ACD677D00FD1E7E /* DateExtensions.swift */,
				90F6D1552A08F48400876700 /* ErrorExtensions.swift */,
				90F6D17D2A1102D000876700 /* DictionaryExtensions.swift */,
				90F6D15D2A095FAF00876700 /* RequestableExtensions.swift */,
			);
			path = Extensions;
			sourceTree = "<group>";
		};
		90F6D16D2A0FDAA400876700 /* Protocols */ = {
			isa = PBXGroup;
			children = (
				90F6D1592A09038600876700 /* Requestable.swift */,
				90F6D1652A0FB0B700876700 /* SessionCancellable.swift */,
				90F6D1732A0FF13800876700 /* ApiServiceProtocol.swift */,
				6D2C9D652ACC0FE300FD1E7E /* DataTransferDispatchQueue.swift */,
			);
			path = Protocols;
			sourceTree = "<group>";
		};
		90F6D17F2A1104DF00876700 /* Utils */ = {
			isa = PBXGroup;
			children = (
				6D2C9D692ACD664000FD1E7E /* Cache */,
				90F6D17B2A11021F00876700 /* BodyEncoding.swift */,
				90F6D1752A10070E00876700 /* ResponseDecoder.swift */,
				6D2C9D632ACC06DF00FD1E7E /* AnyDecodable.swift */,
				6D2C9D672ACD63F400FD1E7E /* APIDateFormatter.swift */,
			);
			path = Utils;
			sourceTree = "<group>";
		};
/* End PBXGroup section */

/* Begin PBXHeadersBuildPhase section */
		90986CE92A0686BA00EC6423 /* Headers */ = {
			isa = PBXHeadersBuildPhase;
			buildActionMask = 2147483647;
			files = (
				90986CF42A0686BA00EC6423 /* iOSAPIService.h in Headers */,
			);
			runOnlyForDeploymentPostprocessing = 0;
		};
/* End PBXHeadersBuildPhase section */

/* Begin PBXNativeTarget section */
		90986CED2A0686BA00EC6423 /* iOSAPIService */ = {
			isa = PBXNativeTarget;
			buildConfigurationList = 90986CF72A0686BA00EC6423 /* Build configuration list for PBXNativeTarget "iOSAPIService" */;
			buildPhases = (
				90986CE92A0686BA00EC6423 /* Headers */,
				90986CEA2A0686BA00EC6423 /* Sources */,
				90986CEB2A0686BA00EC6423 /* Frameworks */,
				90986CEC2A0686BA00EC6423 /* Resources */,
			);
			buildRules = (
			);
			dependencies = (
			);
			name = iOSAPIService;
			productName = iOSAPIService;
			productReference = 90986CEE2A0686BA00EC6423 /* iOSAPIService.framework */;
			productType = "com.apple.product-type.framework";
		};
/* End PBXNativeTarget section */

/* Begin PBXProject section */
		90986CE52A0686BA00EC6423 /* Project object */ = {
			isa = PBXProject;
			attributes = {
				BuildIndependentTargetsInParallel = 1;
				LastUpgradeCheck = 1430;
				TargetAttributes = {
					90986CED2A0686BA00EC6423 = {
						CreatedOnToolsVersion = 14.3;
					};
				};
			};
			buildConfigurationList = 90986CE82A0686BA00EC6423 /* Build configuration list for PBXProject "iOSAPIService" */;
			compatibilityVersion = "Xcode 14.0";
			developmentRegion = en;
			hasScannedForEncodings = 0;
			knownRegions = (
				en,
				Base,
			);
			mainGroup = 90986CE42A0686BA00EC6423;
			productRefGroup = 90986CEF2A0686BA00EC6423 /* Products */;
			projectDirPath = "";
			projectRoot = "";
			targets = (
				90986CED2A0686BA00EC6423 /* iOSAPIService */,
			);
		};
/* End PBXProject section */

/* Begin PBXResourcesBuildPhase section */
		90986CEC2A0686BA00EC6423 /* Resources */ = {
			isa = PBXResourcesBuildPhase;
			buildActionMask = 2147483647;
			files = (
			);
			runOnlyForDeploymentPostprocessing = 0;
		};
/* End PBXResourcesBuildPhase section */

/* Begin PBXSourcesBuildPhase section */
		90986CEA2A0686BA00EC6423 /* Sources */ = {
			isa = PBXSourcesBuildPhase;
			buildActionMask = 2147483647;
			files = (
				90F6D15A2A09038600876700 /* Requestable.swift in Sources */,
				90F6D1602A0E40DF00876700 /* Constants.swift in Sources */,
				90F6D1662A0FB0B700876700 /* SessionCancellable.swift in Sources */,
				6D2C9D6F2ACD66F200FD1E7E /* APIStorageExpiration.swift in Sources */,
				90F6D1522A069B4500876700 /* HTTPMethod.swift in Sources */,
				90986CF32A0686BA00EC6423 /* iOSAPIService.docc in Sources */,
				6D2C9D642ACC06DF00FD1E7E /* AnyDecodable.swift in Sources */,
				90F6D15C2A095F7800876700 /* ApiConfigurable.swift in Sources */,
				90F6D1622A0FAF6F00876700 /* SessionErrorLogger.swift in Sources */,
				90F6D1562A08F48400876700 /* ErrorExtensions.swift in Sources */,
				90F6D17E2A1102D000876700 /* DictionaryExtensions.swift in Sources */,
				90F6D1642A0FB09000876700 /* ApiSessionManager.swift in Sources */,
				6D2C9D6B2ACD667D00FD1E7E /* APICacheProtocol.swift in Sources */,
				90F6D1682A0FB21F00876700 /* NetworkError.swift in Sources */,
				6D2C9D732ACD694700FD1E7E /* APICacheCenter.swift in Sources */,
				90F6D1722A0FDB8F00876700 /* DataTransferError.swift in Sources */,
				90F6D1812A11159500876700 /* ApiSessionConfigurationType.swift in Sources */,
				6D2C9D662ACC0FE300FD1E7E /* DataTransferDispatchQueue.swift in Sources */,
				90F6D17A2A10F4C600876700 /* DataErrorResolver.swift in Sources */,
				90F6D1742A0FF13800876700 /* ApiServiceProtocol.swift in Sources */,
				90F6D1762A10070E00876700 /* ResponseDecoder.swift in Sources */,
				90F6D16A2A0FCE6400876700 /* ApiSessionService.swift in Sources */,
				90F6D1582A08FE5300876700 /* ResponseError.swift in Sources */,
				6D2C9D712ACD677D00FD1E7E /* DateExtensions.swift in Sources */,
				90F6D15E2A095FAF00876700 /* RequestableExtensions.swift in Sources */,
				90F6D1782A10F4A000876700 /* DataErrorLogger.swift in Sources */,
				6D2C9D6D2ACD66CA00FD1E7E /* APIStorage.swift in Sources */,
				6D2C9D682ACD63F400FD1E7E /* APIDateFormatter.swift in Sources */,
				90F6D17C2A11021F00876700 /* BodyEncoding.swift in Sources */,
				90F6D16C2A0FDA7C00876700 /* ApiService.swift in Sources */,
			);
			runOnlyForDeploymentPostprocessing = 0;
		};
/* End PBXSourcesBuildPhase section */

/* Begin XCBuildConfiguration section */
		90986CF52A0686BA00EC6423 /* Debug */ = {
			isa = XCBuildConfiguration;
			buildSettings = {
				ALWAYS_SEARCH_USER_PATHS = NO;
				CLANG_ANALYZER_NONNULL = YES;
				CLANG_ANALYZER_NUMBER_OBJECT_CONVERSION = YES_AGGRESSIVE;
				CLANG_CXX_LANGUAGE_STANDARD = "gnu++20";
				CLANG_ENABLE_MODULES = YES;
				CLANG_ENABLE_OBJC_ARC = YES;
				CLANG_ENABLE_OBJC_WEAK = YES;
				CLANG_WARN_BLOCK_CAPTURE_AUTORELEASING = YES;
				CLANG_WARN_BOOL_CONVERSION = YES;
				CLANG_WARN_COMMA = YES;
				CLANG_WARN_CONSTANT_CONVERSION = YES;
				CLANG_WARN_DEPRECATED_OBJC_IMPLEMENTATIONS = YES;
				CLANG_WARN_DIRECT_OBJC_ISA_USAGE = YES_ERROR;
				CLANG_WARN_DOCUMENTATION_COMMENTS = YES;
				CLANG_WARN_EMPTY_BODY = YES;
				CLANG_WARN_ENUM_CONVERSION = YES;
				CLANG_WARN_INFINITE_RECURSION = YES;
				CLANG_WARN_INT_CONVERSION = YES;
				CLANG_WARN_NON_LITERAL_NULL_CONVERSION = YES;
				CLANG_WARN_OBJC_IMPLICIT_RETAIN_SELF = YES;
				CLANG_WARN_OBJC_LITERAL_CONVERSION = YES;
				CLANG_WARN_OBJC_ROOT_CLASS = YES_ERROR;
				CLANG_WARN_QUOTED_INCLUDE_IN_FRAMEWORK_HEADER = YES;
				CLANG_WARN_RANGE_LOOP_ANALYSIS = YES;
				CLANG_WARN_STRICT_PROTOTYPES = YES;
				CLANG_WARN_SUSPICIOUS_MOVE = YES;
				CLANG_WARN_UNGUARDED_AVAILABILITY = YES_AGGRESSIVE;
				CLANG_WARN_UNREACHABLE_CODE = YES;
				CLANG_WARN__DUPLICATE_METHOD_MATCH = YES;
				COPY_PHASE_STRIP = NO;
				CURRENT_PROJECT_VERSION = 1;
				DEBUG_INFORMATION_FORMAT = dwarf;
				ENABLE_STRICT_OBJC_MSGSEND = YES;
				ENABLE_TESTABILITY = YES;
				GCC_C_LANGUAGE_STANDARD = gnu11;
				GCC_DYNAMIC_NO_PIC = NO;
				GCC_NO_COMMON_BLOCKS = YES;
				GCC_OPTIMIZATION_LEVEL = 0;
				GCC_PREPROCESSOR_DEFINITIONS = (
					"DEBUG=1",
					"$(inherited)",
				);
				GCC_WARN_64_TO_32_BIT_CONVERSION = YES;
				GCC_WARN_ABOUT_RETURN_TYPE = YES_ERROR;
				GCC_WARN_UNDECLARED_SELECTOR = YES;
				GCC_WARN_UNINITIALIZED_AUTOS = YES_AGGRESSIVE;
				GCC_WARN_UNUSED_FUNCTION = YES;
				GCC_WARN_UNUSED_VARIABLE = YES;
				MTL_ENABLE_DEBUG_INFO = INCLUDE_SOURCE;
				MTL_FAST_MATH = YES;
				ONLY_ACTIVE_ARCH = YES;
				SWIFT_ACTIVE_COMPILATION_CONDITIONS = DEBUG;
				SWIFT_OPTIMIZATION_LEVEL = "-Onone";
				VERSIONING_SYSTEM = "apple-generic";
				VERSION_INFO_PREFIX = "";
			};
			name = Debug;
		};
		90986CF62A0686BA00EC6423 /* Release */ = {
			isa = XCBuildConfiguration;
			buildSettings = {
				ALWAYS_SEARCH_USER_PATHS = NO;
				CLANG_ANALYZER_NONNULL = YES;
				CLANG_ANALYZER_NUMBER_OBJECT_CONVERSION = YES_AGGRESSIVE;
				CLANG_CXX_LANGUAGE_STANDARD = "gnu++20";
				CLANG_ENABLE_MODULES = YES;
				CLANG_ENABLE_OBJC_ARC = YES;
				CLANG_ENABLE_OBJC_WEAK = YES;
				CLANG_WARN_BLOCK_CAPTURE_AUTORELEASING = YES;
				CLANG_WARN_BOOL_CONVERSION = YES;
				CLANG_WARN_COMMA = YES;
				CLANG_WARN_CONSTANT_CONVERSION = YES;
				CLANG_WARN_DEPRECATED_OBJC_IMPLEMENTATIONS = YES;
				CLANG_WARN_DIRECT_OBJC_ISA_USAGE = YES_ERROR;
				CLANG_WARN_DOCUMENTATION_COMMENTS = YES;
				CLANG_WARN_EMPTY_BODY = YES;
				CLANG_WARN_ENUM_CONVERSION = YES;
				CLANG_WARN_INFINITE_RECURSION = YES;
				CLANG_WARN_INT_CONVERSION = YES;
				CLANG_WARN_NON_LITERAL_NULL_CONVERSION = YES;
				CLANG_WARN_OBJC_IMPLICIT_RETAIN_SELF = YES;
				CLANG_WARN_OBJC_LITERAL_CONVERSION = YES;
				CLANG_WARN_OBJC_ROOT_CLASS = YES_ERROR;
				CLANG_WARN_QUOTED_INCLUDE_IN_FRAMEWORK_HEADER = YES;
				CLANG_WARN_RANGE_LOOP_ANALYSIS = YES;
				CLANG_WARN_STRICT_PROTOTYPES = YES;
				CLANG_WARN_SUSPICIOUS_MOVE = YES;
				CLANG_WARN_UNGUARDED_AVAILABILITY = YES_AGGRESSIVE;
				CLANG_WARN_UNREACHABLE_CODE = YES;
				CLANG_WARN__DUPLICATE_METHOD_MATCH = YES;
				COPY_PHASE_STRIP = NO;
				CURRENT_PROJECT_VERSION = 1;
				DEBUG_INFORMATION_FORMAT = "dwarf-with-dsym";
				ENABLE_NS_ASSERTIONS = NO;
				ENABLE_STRICT_OBJC_MSGSEND = YES;
				GCC_C_LANGUAGE_STANDARD = gnu11;
				GCC_NO_COMMON_BLOCKS = YES;
				GCC_WARN_64_TO_32_BIT_CONVERSION = YES;
				GCC_WARN_ABOUT_RETURN_TYPE = YES_ERROR;
				GCC_WARN_UNDECLARED_SELECTOR = YES;
				GCC_WARN_UNINITIALIZED_AUTOS = YES_AGGRESSIVE;
				GCC_WARN_UNUSED_FUNCTION = YES;
				GCC_WARN_UNUSED_VARIABLE = YES;
				MTL_ENABLE_DEBUG_INFO = NO;
				MTL_FAST_MATH = YES;
				SWIFT_COMPILATION_MODE = wholemodule;
				SWIFT_OPTIMIZATION_LEVEL = "-O";
				VERSIONING_SYSTEM = "apple-generic";
				VERSION_INFO_PREFIX = "";
			};
			name = Release;
		};
		90986CF82A0686BA00EC6423 /* Debug */ = {
			isa = XCBuildConfiguration;
			buildSettings = {
				CODE_SIGN_STYLE = Automatic;
				CURRENT_PROJECT_VERSION = 1;
				DEFINES_MODULE = YES;
				DEVELOPMENT_TEAM = PJP86QQLAJ;
				DYLIB_COMPATIBILITY_VERSION = 1;
				DYLIB_CURRENT_VERSION = 1;
				DYLIB_INSTALL_NAME_BASE = "@rpath";
				ENABLE_MODULE_VERIFIER = YES;
				GENERATE_INFOPLIST_FILE = YES;
				INFOPLIST_KEY_NSHumanReadableCopyright = "";
				INSTALL_PATH = "$(LOCAL_LIBRARY_DIR)/Frameworks";
				IPHONEOS_DEPLOYMENT_TARGET = 11.0;
				LD_RUNPATH_SEARCH_PATHS = (
					"@executable_path/Frameworks",
					"@loader_path/Frameworks",
				);
				"LD_RUNPATH_SEARCH_PATHS[sdk=macosx*]" = (
					"@executable_path/../Frameworks",
					"@loader_path/Frameworks",
				);
				MACOSX_DEPLOYMENT_TARGET = 10.13;
				MARKETING_VERSION = 1.0;
				MODULE_VERIFIER_SUPPORTED_LANGUAGES = "objective-c objective-c++";
				MODULE_VERIFIER_SUPPORTED_LANGUAGE_STANDARDS = "gnu11 gnu++20";
				PRODUCT_BUNDLE_IDENTIFIER = com.app.nhut.iOSAPIService;
				PRODUCT_NAME = "$(TARGET_NAME:c99extidentifier)";
				SDKROOT = auto;
				SKIP_INSTALL = YES;
				SUPPORTED_PLATFORMS = "iphoneos iphonesimulator macosx";
				SWIFT_EMIT_LOC_STRINGS = YES;
				SWIFT_VERSION = 5.0;
				TARGETED_DEVICE_FAMILY = "1,2";
			};
			name = Debug;
		};
		90986CF92A0686BA00EC6423 /* Release */ = {
			isa = XCBuildConfiguration;
			buildSettings = {
				CODE_SIGN_STYLE = Automatic;
				CURRENT_PROJECT_VERSION = 1;
				DEFINES_MODULE = YES;
				DEVELOPMENT_TEAM = PJP86QQLAJ;
				DYLIB_COMPATIBILITY_VERSION = 1;
				DYLIB_CURRENT_VERSION = 1;
				DYLIB_INSTALL_NAME_BASE = "@rpath";
				ENABLE_MODULE_VERIFIER = YES;
				GENERATE_INFOPLIST_FILE = YES;
				INFOPLIST_KEY_NSHumanReadableCopyright = "";
				INSTALL_PATH = "$(LOCAL_LIBRARY_DIR)/Frameworks";
				IPHONEOS_DEPLOYMENT_TARGET = 11.0;
				LD_RUNPATH_SEARCH_PATHS = (
					"@executable_path/Frameworks",
					"@loader_path/Frameworks",
				);
				"LD_RUNPATH_SEARCH_PATHS[sdk=macosx*]" = (
					"@executable_path/../Frameworks",
					"@loader_path/Frameworks",
				);
				MACOSX_DEPLOYMENT_TARGET = 10.13;
				MARKETING_VERSION = 1.0;
				MODULE_VERIFIER_SUPPORTED_LANGUAGES = "objective-c objective-c++";
				MODULE_VERIFIER_SUPPORTED_LANGUAGE_STANDARDS = "gnu11 gnu++20";
				PRODUCT_BUNDLE_IDENTIFIER = com.app.nhut.iOSAPIService;
				PRODUCT_NAME = "$(TARGET_NAME:c99extidentifier)";
				SDKROOT = auto;
				SKIP_INSTALL = YES;
				SUPPORTED_PLATFORMS = "iphoneos iphonesimulator macosx";
				SWIFT_EMIT_LOC_STRINGS = YES;
				SWIFT_VERSION = 5.0;
				TARGETED_DEVICE_FAMILY = "1,2";
			};
			name = Release;
		};
/* End XCBuildConfiguration section */

/* Begin XCConfigurationList section */
		90986CE82A0686BA00EC6423 /* Build configuration list for PBXProject "iOSAPIService" */ = {
			isa = XCConfigurationList;
			buildConfigurations = (
				90986CF52A0686BA00EC6423 /* Debug */,
				90986CF62A0686BA00EC6423 /* Release */,
			);
			defaultConfigurationIsVisible = 0;
			defaultConfigurationName = Release;
		};
		90986CF72A0686BA00EC6423 /* Build configuration list for PBXNativeTarget "iOSAPIService" */ = {
			isa = XCConfigurationList;
			buildConfigurations = (
				90986CF82A0686BA00EC6423 /* Debug */,
				90986CF92A0686BA00EC6423 /* Release */,
			);
			defaultConfigurationIsVisible = 0;
			defaultConfigurationName = Release;
		};
/* End XCConfigurationList section */
	};
	rootObject = 90986CE52A0686BA00EC6423 /* Project object */;
}
